PODS:
  - GoogleMaps (2.4.0):
    - GoogleMaps/Maps (= 2.4.0)
  - GoogleMaps/Base (2.4.0)
  - GoogleMaps/Maps (2.4.0):
    - GoogleMaps/Base

DEPENDENCIES:
  - GoogleMaps

SPEC CHECKSUMS:
  GoogleMaps: 8436ab5d1c25e36915b2f7416d0c8e3fa2e76c61

PODFILE CHECKSUM: 3b7c8c6485e3a67152f1625d0f80eecf1871a7ef

COCOAPODS: 1.4.0
